
Microsoft Visual Studio Solution File, Format Version 12.00
# Visual Studio 15
VisualStudioVersion = 15.0.26124.0
MinimumVisualStudioVersion = 15.0.26124.0
Project("{2150E333-8FDC-42A3-9474-1A3956D46DE8}") = "test", "test", "{BACAA317-8F27-4001-BFC4-B51F16B3F7E8}"
EndProject
Project("{FAE04EC0-301F-11D3-BF4B-00C04F79EFBC}") = "StrykerDemo.Teste", "test\StrykerDemo.Teste\StrykerDemo.Teste.csproj", "{46491533-40B9-4BE6-825A-410AB65792FA}"
EndProject
Project("{2150E333-8FDC-42A3-9474-1A3956D46DE8}") = "src", "src", "{7C53ECC6-B2AA-4F06-BCF0-BA2B9717A8A0}"
EndProject
Project("{FAE04EC0-301F-11D3-BF4B-00C04F79EFBC}") = "StrykerDemo.Code", "src\StrykerDemo.Code\StrykerDemo.Code.csproj", "{5DB5A455-2C68-4AD8-92AC-AE18A5C66EA7}"
EndProject
Global
	GlobalSection(SolutionConfigurationPlatforms) = preSolution
		Debug|Any CPU = Debug|Any CPU
		Debug|x64 = Debug|x64
		Debug|x86 = Debug|x86
		Release|Any CPU = Release|Any CPU
		Release|x64 = Release|x64
		Release|x86 = Release|x86
	EndGlobalSection
	GlobalSection(SolutionProperties) = preSolution
		HideSolutionNode = FALSE
	EndGlobalSection
	GlobalSection(ProjectConfigurationPlatforms) = postSolution
		{46491533-40B9-4BE6-825A-410AB65792FA}.Debug|Any CPU.ActiveCfg = Debug|Any CPU
		{46491533-40B9-4BE6-825A-410AB65792FA}.Debug|Any CPU.Build.0 = Debug|Any CPU
		{46491533-40B9-4BE6-825A-410AB65792FA}.Debug|x64.ActiveCfg = Debug|Any CPU
		{46491533-40B9-4BE6-825A-410AB65792FA}.Debug|x64.Build.0 = Debug|Any CPU
		{46491533-40B9-4BE6-825A-410AB65792FA}.Debug|x86.ActiveCfg = Debug|Any CPU
		{46491533-40B9-4BE6-825A-410AB65792FA}.Debug|x86.Build.0 = Debug|Any CPU
		{46491533-40B9-4BE6-825A-410AB65792FA}.Release|Any CPU.ActiveCfg = Release|Any CPU
		{46491533-40B9-4BE6-825A-410AB65792FA}.Release|Any CPU.Build.0 = Release|Any CPU
		{46491533-40B9-4BE6-825A-410AB65792FA}.Release|x64.ActiveCfg = Release|Any CPU
		{46491533-40B9-4BE6-825A-410AB65792FA}.Release|x64.Build.0 = Release|Any CPU
		{46491533-40B9-4BE6-825A-410AB65792FA}.Release|x86.ActiveCfg = Release|Any CPU
		{46491533-40B9-4BE6-825A-410AB65792FA}.Release|x86.Build.0 = Release|Any CPU
		{5DB5A455-2C68-4AD8-92AC-AE18A5C66EA7}.Debug|Any CPU.ActiveCfg = Debug|Any CPU
		{5DB5A455-2C68-4AD8-92AC-AE18A5C66EA7}.Debug|Any CPU.Build.0 = Debug|Any CPU
		{5DB5A455-2C68-4AD8-92AC-AE18A5C66EA7}.Debug|x64.ActiveCfg = Debug|Any CPU
		{5DB5A455-2C68-4AD8-92AC-AE18A5C66EA7}.Debug|x64.Build.0 = Debug|Any CPU
		{5DB5A455-2C68-4AD8-92AC-AE18A5C66EA7}.Debug|x86.ActiveCfg = Debug|Any CPU
		{5DB5A455-2C68-4AD8-92AC-AE18A5C66EA7}.Debug|x86.Build.0 = Debug|Any CPU
		{5DB5A455-2C68-4AD8-92AC-AE18A5C66EA7}.Release|Any CPU.ActiveCfg = Release|Any CPU
		{5DB5A455-2C68-4AD8-92AC-AE18A5C66EA7}.Release|Any CPU.Build.0 = Release|Any CPU
		{5DB5A455-2C68-4AD8-92AC-AE18A5C66EA7}.Release|x64.ActiveCfg = Release|Any CPU
		{5DB5A455-2C68-4AD8-92AC-AE18A5C66EA7}.Release|x64.Build.0 = Release|Any CPU
		{5DB5A455-2C68-4AD8-92AC-AE18A5C66EA7}.Release|x86.ActiveCfg = Release|Any CPU
		{5DB5A455-2C68-4AD8-92AC-AE18A5C66EA7}.Release|x86.Build.0 = Release|Any CPU
	EndGlobalSection
	GlobalSection(NestedProjects) = preSolution
		{46491533-40B9-4BE6-825A-410AB65792FA} = {BACAA317-8F27-4001-BFC4-B51F16B3F7E8}
		{5DB5A455-2C68-4AD8-92AC-AE18A5C66EA7} = {7C53ECC6-B2AA-4F06-BCF0-BA2B9717A8A0}
	EndGlobalSection
EndGlobal
